
Microsoft Visual Studio Solution File, Format Version 12.00
# Visual Studio 15
VisualStudioVersion = 15.0.26124.0
MinimumVisualStudioVersion = 15.0.26124.0
Project("{2150E333-8FDC-42A3-9474-1A3956D46DE8}") = "BLL", "BLL", "{F3199782-9132-42AB-A42B-72CE6A2DFB02}"
EndProject
Project("{2150E333-8FDC-42A3-9474-1A3956D46DE8}") = "Common", "Common", "{04C3CC03-8A1B-4B02-AACE-12E0C7840B56}"
EndProject
Project("{2150E333-8FDC-42A3-9474-1A3956D46DE8}") = "DAL", "DAL", "{70E5C02F-71E1-480A-A3E8-AE924655BAE8}"
EndProject
Project("{2150E333-8FDC-42A3-9474-1A3956D46DE8}") = "PL", "PL", "{795EA08B-5320-41ED-B1B3-1BFBA402D067}"
EndProject
Project("{FAE04EC0-301F-11D3-BF4B-00C04F79EFBC}") = "Task_8.Entities", "Task_8.Entities\Task_8.Entities.csproj", "{6EF4CC10-00DB-4BAB-AEDC-14754ED8EF3C}"
EndProject
Project("{FAE04EC0-301F-11D3-BF4B-00C04F79EFBC}") = "Task_8.Dependencies", "Task_8.Dependencies\Task_8.Dependencies.csproj", "{382D46FF-B162-4525-958A-7054E7DA9D08}"
EndProject
Project("{FAE04EC0-301F-11D3-BF4B-00C04F79EFBC}") = "Task_8.BLL.Interfaces", "Task_8.BLL.Interfaces\Task_8.BLL.Interfaces.csproj", "{2A851D3E-A0ED-49E9-BB16-D03BAB5EAF0C}"
EndProject
Project("{FAE04EC0-301F-11D3-BF4B-00C04F79EFBC}") = "Task_8.BLL", "Task_8.BLL\Task_8.BLL.csproj", "{30C1AE59-6C31-4597-B0E7-8E9AFFDE2BF2}"
EndProject
Project("{FAE04EC0-301F-11D3-BF4B-00C04F79EFBC}") = "Task_8.DAL.Interfaces", "Task_8.DAL.Interfaces\Task_8.DAL.Interfaces.csproj", "{918E7F3B-A2E9-4579-B26F-1552CE209A3B}"
EndProject
Project("{FAE04EC0-301F-11D3-BF4B-00C04F79EFBC}") = "Task_8.JsonDAL", "Task_8.JsonDAL\Task_8.JsonDAL.csproj", "{A1245E71-13CA-451A-B606-F0EB656AE4EA}"
EndProject
Project("{FAE04EC0-301F-11D3-BF4B-00C04F79EFBC}") = "Task_8.ConsolePL", "Task_8.ConsolePL\Task_8.ConsolePL.csproj", "{128D56E1-532D-4969-9D66-2C6AC7CB51D3}"
EndProject
Global
	GlobalSection(SolutionConfigurationPlatforms) = preSolution
		Debug|Any CPU = Debug|Any CPU
		Release|Any CPU = Release|Any CPU
	EndGlobalSection
	GlobalSection(ProjectConfigurationPlatforms) = postSolution
		{6EF4CC10-00DB-4BAB-AEDC-14754ED8EF3C}.Debug|Any CPU.ActiveCfg = Debug|Any CPU
		{6EF4CC10-00DB-4BAB-AEDC-14754ED8EF3C}.Debug|Any CPU.Build.0 = Debug|Any CPU
		{6EF4CC10-00DB-4BAB-AEDC-14754ED8EF3C}.Release|Any CPU.ActiveCfg = Release|Any CPU
		{6EF4CC10-00DB-4BAB-AEDC-14754ED8EF3C}.Release|Any CPU.Build.0 = Release|Any CPU
		{382D46FF-B162-4525-958A-7054E7DA9D08}.Debug|Any CPU.ActiveCfg = Debug|Any CPU
		{382D46FF-B162-4525-958A-7054E7DA9D08}.Debug|Any CPU.Build.0 = Debug|Any CPU
		{382D46FF-B162-4525-958A-7054E7DA9D08}.Release|Any CPU.ActiveCfg = Release|Any CPU
		{382D46FF-B162-4525-958A-7054E7DA9D08}.Release|Any CPU.Build.0 = Release|Any CPU
		{2A851D3E-A0ED-49E9-BB16-D03BAB5EAF0C}.Debug|Any CPU.ActiveCfg = Debug|Any CPU
		{2A851D3E-A0ED-49E9-BB16-D03BAB5EAF0C}.Debug|Any CPU.Build.0 = Debug|Any CPU
		{2A851D3E-A0ED-49E9-BB16-D03BAB5EAF0C}.Release|Any CPU.ActiveCfg = Release|Any CPU
		{2A851D3E-A0ED-49E9-BB16-D03BAB5EAF0C}.Release|Any CPU.Build.0 = Release|Any CPU
		{30C1AE59-6C31-4597-B0E7-8E9AFFDE2BF2}.Debug|Any CPU.ActiveCfg = Debug|Any CPU
		{30C1AE59-6C31-4597-B0E7-8E9AFFDE2BF2}.Debug|Any CPU.Build.0 = Debug|Any CPU
		{30C1AE59-6C31-4597-B0E7-8E9AFFDE2BF2}.Release|Any CPU.ActiveCfg = Release|Any CPU
		{30C1AE59-6C31-4597-B0E7-8E9AFFDE2BF2}.Release|Any CPU.Build.0 = Release|Any CPU
		{918E7F3B-A2E9-4579-B26F-1552CE209A3B}.Debug|Any CPU.ActiveCfg = Debug|Any CPU
		{918E7F3B-A2E9-4579-B26F-1552CE209A3B}.Debug|Any CPU.Build.0 = Debug|Any CPU
		{918E7F3B-A2E9-4579-B26F-1552CE209A3B}.Release|Any CPU.ActiveCfg = Release|Any CPU
		{918E7F3B-A2E9-4579-B26F-1552CE209A3B}.Release|Any CPU.Build.0 = Release|Any CPU
		{A1245E71-13CA-451A-B606-F0EB656AE4EA}.Debug|Any CPU.ActiveCfg = Debug|Any CPU
		{A1245E71-13CA-451A-B606-F0EB656AE4EA}.Debug|Any CPU.Build.0 = Debug|Any CPU
		{A1245E71-13CA-451A-B606-F0EB656AE4EA}.Release|Any CPU.ActiveCfg = Release|Any CPU
		{A1245E71-13CA-451A-B606-F0EB656AE4EA}.Release|Any CPU.Build.0 = Release|Any CPU
		{128D56E1-532D-4969-9D66-2C6AC7CB51D3}.Debug|Any CPU.ActiveCfg = Debug|Any CPU
		{128D56E1-532D-4969-9D66-2C6AC7CB51D3}.Debug|Any CPU.Build.0 = Debug|Any CPU
		{128D56E1-532D-4969-9D66-2C6AC7CB51D3}.Release|Any CPU.ActiveCfg = Release|Any CPU
		{128D56E1-532D-4969-9D66-2C6AC7CB51D3}.Release|Any CPU.Build.0 = Release|Any CPU
	EndGlobalSection
	GlobalSection(SolutionProperties) = preSolution
		HideSolutionNode = FALSE
	EndGlobalSection
	GlobalSection(NestedProjects) = preSolution
		{6EF4CC10-00DB-4BAB-AEDC-14754ED8EF3C} = {04C3CC03-8A1B-4B02-AACE-12E0C7840B56}
		{382D46FF-B162-4525-958A-7054E7DA9D08} = {04C3CC03-8A1B-4B02-AACE-12E0C7840B56}
		{2A851D3E-A0ED-49E9-BB16-D03BAB5EAF0C} = {F3199782-9132-42AB-A42B-72CE6A2DFB02}
		{30C1AE59-6C31-4597-B0E7-8E9AFFDE2BF2} = {F3199782-9132-42AB-A42B-72CE6A2DFB02}
		{918E7F3B-A2E9-4579-B26F-1552CE209A3B} = {70E5C02F-71E1-480A-A3E8-AE924655BAE8}
		{A1245E71-13CA-451A-B606-F0EB656AE4EA} = {70E5C02F-71E1-480A-A3E8-AE924655BAE8}
		{128D56E1-532D-4969-9D66-2C6AC7CB51D3} = {795EA08B-5320-41ED-B1B3-1BFBA402D067}
	EndGlobalSection
	GlobalSection(ExtensibilityGlobals) = postSolution
		SolutionGuid = {21CA2AC3-66AE-409F-97A7-38A3F71909E3}
	EndGlobalSection
EndGlobal
