
Microsoft Visual Studio Solution File, Format Version 12.00
# Visual Studio Version 16
VisualStudioVersion = 16.6.30114.105
MinimumVisualStudioVersion = 10.0.40219.1
Project("{FAE04EC0-301F-11D3-BF4B-00C04F79EFBC}") = "Task_3.3.1", "Task_3.3.1\Task_3.3.1.csproj", "{EA4A12CE-56DE-48E6-A3EF-784DB1AA1552}"
EndProject
Global
	GlobalSection(SolutionConfigurationPlatforms) = preSolution
		Debug|Any CPU = Debug|Any CPU
		Release|Any CPU = Release|Any CPU
	EndGlobalSection
	GlobalSection(ProjectConfigurationPlatforms) = postSolution
		{EA4A12CE-56DE-48E6-A3EF-784DB1AA1552}.Debug|Any CPU.ActiveCfg = Debug|Any CPU
		{EA4A12CE-56DE-48E6-A3EF-784DB1AA1552}.Debug|Any CPU.Build.0 = Debug|Any CPU
		{EA4A12CE-56DE-48E6-A3EF-784DB1AA1552}.Release|Any CPU.ActiveCfg = Release|Any CPU
		{EA4A12CE-56DE-48E6-A3EF-784DB1AA1552}.Release|Any CPU.Build.0 = Release|Any CPU
	EndGlobalSection
	GlobalSection(SolutionProperties) = preSolution
		HideSolutionNode = FALSE
	EndGlobalSection
	GlobalSection(ExtensibilityGlobals) = postSolution
		SolutionGuid = {CEC3ADA8-0322-4EB8-AD9E-F6CFB3A878CF}
	EndGlobalSection
EndGlobal
