
Microsoft Visual Studio Solution File, Format Version 12.00
# Visual Studio 15
VisualStudioVersion = 15.0.26124.0
MinimumVisualStudioVersion = 15.0.26124.0
Project("{FAE04EC0-301F-11D3-BF4B-00C04F79EFBC}") = "MyDLL", "MyDLL\MyDLL.csproj", "{8A20A429-6201-4CBA-9EF4-68247704C6A0}"
EndProject
Project("{FAE04EC0-301F-11D3-BF4B-00C04F79EFBC}") = "Task_3.2.1", "Task_3.2.1\Task_3.2.1.csproj", "{D7556851-B134-49BC-A971-9291DF8CC45D}"
EndProject
Global
	GlobalSection(SolutionConfigurationPlatforms) = preSolution
		Debug|Any CPU = Debug|Any CPU
		Debug|x64 = Debug|x64
		Debug|x86 = Debug|x86
		Release|Any CPU = Release|Any CPU
		Release|x64 = Release|x64
		Release|x86 = Release|x86
	EndGlobalSection
	GlobalSection(ProjectConfigurationPlatforms) = postSolution
		{8A20A429-6201-4CBA-9EF4-68247704C6A0}.Debug|Any CPU.ActiveCfg = Debug|Any CPU
		{8A20A429-6201-4CBA-9EF4-68247704C6A0}.Debug|Any CPU.Build.0 = Debug|Any CPU
		{8A20A429-6201-4CBA-9EF4-68247704C6A0}.Debug|x64.ActiveCfg = Debug|Any CPU
		{8A20A429-6201-4CBA-9EF4-68247704C6A0}.Debug|x64.Build.0 = Debug|Any CPU
		{8A20A429-6201-4CBA-9EF4-68247704C6A0}.Debug|x86.ActiveCfg = Debug|Any CPU
		{8A20A429-6201-4CBA-9EF4-68247704C6A0}.Debug|x86.Build.0 = Debug|Any CPU
		{8A20A429-6201-4CBA-9EF4-68247704C6A0}.Release|Any CPU.ActiveCfg = Release|Any CPU
		{8A20A429-6201-4CBA-9EF4-68247704C6A0}.Release|Any CPU.Build.0 = Release|Any CPU
		{8A20A429-6201-4CBA-9EF4-68247704C6A0}.Release|x64.ActiveCfg = Release|Any CPU
		{8A20A429-6201-4CBA-9EF4-68247704C6A0}.Release|x64.Build.0 = Release|Any CPU
		{8A20A429-6201-4CBA-9EF4-68247704C6A0}.Release|x86.ActiveCfg = Release|Any CPU
		{8A20A429-6201-4CBA-9EF4-68247704C6A0}.Release|x86.Build.0 = Release|Any CPU
		{D7556851-B134-49BC-A971-9291DF8CC45D}.Debug|Any CPU.ActiveCfg = Debug|Any CPU
		{D7556851-B134-49BC-A971-9291DF8CC45D}.Debug|Any CPU.Build.0 = Debug|Any CPU
		{D7556851-B134-49BC-A971-9291DF8CC45D}.Debug|x64.ActiveCfg = Debug|Any CPU
		{D7556851-B134-49BC-A971-9291DF8CC45D}.Debug|x64.Build.0 = Debug|Any CPU
		{D7556851-B134-49BC-A971-9291DF8CC45D}.Debug|x86.ActiveCfg = Debug|Any CPU
		{D7556851-B134-49BC-A971-9291DF8CC45D}.Debug|x86.Build.0 = Debug|Any CPU
		{D7556851-B134-49BC-A971-9291DF8CC45D}.Release|Any CPU.ActiveCfg = Release|Any CPU
		{D7556851-B134-49BC-A971-9291DF8CC45D}.Release|Any CPU.Build.0 = Release|Any CPU
		{D7556851-B134-49BC-A971-9291DF8CC45D}.Release|x64.ActiveCfg = Release|Any CPU
		{D7556851-B134-49BC-A971-9291DF8CC45D}.Release|x64.Build.0 = Release|Any CPU
		{D7556851-B134-49BC-A971-9291DF8CC45D}.Release|x86.ActiveCfg = Release|Any CPU
		{D7556851-B134-49BC-A971-9291DF8CC45D}.Release|x86.Build.0 = Release|Any CPU
	EndGlobalSection
	GlobalSection(SolutionProperties) = preSolution
		HideSolutionNode = FALSE
	EndGlobalSection
	GlobalSection(ExtensibilityGlobals) = postSolution
		SolutionGuid = {ADE53BD9-C593-414A-A2B0-26AF4B12CF69}
	EndGlobalSection
EndGlobal
