
Microsoft Visual Studio Solution File, Format Version 12.00
# Visual Studio 15
VisualStudioVersion = 15.0.26124.0
MinimumVisualStudioVersion = 15.0.26124.0
Project("{FAE04EC0-301F-11D3-BF4B-00C04F79EFBC}") = "Task_4.1", "Task_4.1\Task_4.1.csproj", "{AD8B5FF6-5BB5-45C3-8F27-F922EDD4F85D}"
EndProject
Global
	GlobalSection(SolutionConfigurationPlatforms) = preSolution
		Debug|Any CPU = Debug|Any CPU
		Debug|x64 = Debug|x64
		Debug|x86 = Debug|x86
		Release|Any CPU = Release|Any CPU
		Release|x64 = Release|x64
		Release|x86 = Release|x86
	EndGlobalSection
	GlobalSection(ProjectConfigurationPlatforms) = postSolution
		{AD8B5FF6-5BB5-45C3-8F27-F922EDD4F85D}.Debug|Any CPU.ActiveCfg = Debug|Any CPU
		{AD8B5FF6-5BB5-45C3-8F27-F922EDD4F85D}.Debug|Any CPU.Build.0 = Debug|Any CPU
		{AD8B5FF6-5BB5-45C3-8F27-F922EDD4F85D}.Debug|x64.ActiveCfg = Debug|Any CPU
		{AD8B5FF6-5BB5-45C3-8F27-F922EDD4F85D}.Debug|x64.Build.0 = Debug|Any CPU
		{AD8B5FF6-5BB5-45C3-8F27-F922EDD4F85D}.Debug|x86.ActiveCfg = Debug|Any CPU
		{AD8B5FF6-5BB5-45C3-8F27-F922EDD4F85D}.Debug|x86.Build.0 = Debug|Any CPU
		{AD8B5FF6-5BB5-45C3-8F27-F922EDD4F85D}.Release|Any CPU.ActiveCfg = Release|Any CPU
		{AD8B5FF6-5BB5-45C3-8F27-F922EDD4F85D}.Release|Any CPU.Build.0 = Release|Any CPU
		{AD8B5FF6-5BB5-45C3-8F27-F922EDD4F85D}.Release|x64.ActiveCfg = Release|Any CPU
		{AD8B5FF6-5BB5-45C3-8F27-F922EDD4F85D}.Release|x64.Build.0 = Release|Any CPU
		{AD8B5FF6-5BB5-45C3-8F27-F922EDD4F85D}.Release|x86.ActiveCfg = Release|Any CPU
		{AD8B5FF6-5BB5-45C3-8F27-F922EDD4F85D}.Release|x86.Build.0 = Release|Any CPU
	EndGlobalSection
	GlobalSection(SolutionProperties) = preSolution
		HideSolutionNode = FALSE
	EndGlobalSection
	GlobalSection(ExtensibilityGlobals) = postSolution
		SolutionGuid = {494FA4DC-EE30-4587-9738-2092B3E3926E}
	EndGlobalSection
EndGlobal
